{
  "version": "3",
  "packages": {
    "specifiers": {
      "npm:buffer-crc32": "npm:buffer-crc32@0.2.13"
    },
    "npm": {
      "buffer-crc32@0.2.13": {
        "integrity": "sha512-VO9Ht/+p3SN7SKWqcrgEzjGbRSJYTx+Q1pTQC0wrWqHx0vpJraQ6GtHx8tvcg1rlK1byhU5gccxgOgj7B0TDkQ==",
        "dependencies": {}
      }
    }
  },
  "remote": {}
}
