{
  "version": "3",
  "packages": {
    "specifiers": {
      "npm:buffer-crc32": "npm:buffer-crc32@0.2.13",
      "npm:crc-32": "npm:crc-32@1.2.2",
      "npm:gzip-size": "npm:gzip-size@7.0.0",
      "npm:pako": "npm:pako@2.1.0",
      "npm:zlib": "npm:zlib@1.0.5"
    },
    "npm": {
      "buffer-crc32@0.2.13": {
        "integrity": "sha512-VO9Ht/+p3SN7SKWqcrgEzjGbRSJYTx+Q1pTQC0wrWqHx0vpJraQ6GtHx8tvcg1rlK1byhU5gccxgOgj7B0TDkQ==",
        "dependencies": {}
      },
      "crc-32@1.2.2": {
        "integrity": "sha512-ROmzCKrTnOwybPcJApAA6WBWij23HVfGVNKqqrZpuyZOHqK2CwHSvpGuyt/UNNvaIjEd8X5IFGp4Mh+Ie1IHJQ==",
        "dependencies": {}
      },
      "duplexer@0.1.2": {
        "integrity": "sha512-jtD6YG370ZCIi/9GTaJKQxWTZD045+4R4hTk/x1UyoqadyJ9x9CgSi1RlVDQF8U2sxLLSnFkCaMihqljHIWgMg==",
        "dependencies": {}
      },
      "gzip-size@7.0.0": {
        "integrity": "sha512-O1Ld7Dr+nqPnmGpdhzLmMTQ4vAsD+rHwMm1NLUmoUFFymBOMKxCCrtDxqdBRYXdeEPEi3SyoR4TizJLQrnKBNA==",
        "dependencies": {
          "duplexer": "duplexer@0.1.2"
        }
      },
      "pako@2.1.0": {
        "integrity": "sha512-w+eufiZ1WuJYgPXbV/PO3NCMEc3xqylkKHzp8bxp1uW4qaSNQUkwmLLEc3kKsfz8lpV1F8Ht3U1Cm+9Srog2ug==",
        "dependencies": {}
      },
      "zlib@1.0.5": {
        "integrity": "sha512-40fpE2II+Cd3k8HWTWONfeKE2jL+P42iWJ1zzps5W51qcTsOUKM5Q5m2PFb0CLxlmFAaUuUdJGc3OfZy947v0w==",
        "dependencies": {}
      }
    }
  },
  "redirects": {
    "https://deno.land/std/io/mod.ts": "https://deno.land/std@0.207.0/io/mod.ts",
    "https://deno.land/x/crc32/mod.ts": "https://deno.land/x/crc32@v0.2.2/mod.ts"
  },
  "remote": {
    "https://deno.land/std@0.207.0/assert/assert.ts": "9a97dad6d98c238938e7540736b826440ad8c1c1e54430ca4c4e623e585607ee",
    "https://deno.land/std@0.207.0/assert/assertion_error.ts": "4d0bde9b374dfbcbe8ac23f54f567b77024fb67dbb1906a852d67fe050d42f56",
    "https://deno.land/std@0.207.0/bytes/concat.ts": "d3d420badeb4f26a0f2f3ce343725f937326aff1b4634b25341b12b27353aac4",
    "https://deno.land/std@0.207.0/bytes/copy.ts": "939d89e302a9761dcf1d9c937c7711174ed74c59eef40a1e4569a05c9de88219",
    "https://deno.land/std@0.207.0/io/buf_reader.ts": "6356a6851fad96d56a9b9d4e63ccdae7fe9e4e70b98cc01af9d8b20aa9f6a63a",
    "https://deno.land/std@0.207.0/io/buf_writer.ts": "599247add52c1f42c3674366d5783a25c69ceb7277b0694cc854d49f5710e77f",
    "https://deno.land/std@0.207.0/io/buffer.ts": "11acaeae3dc0e491a335d82915e09e9f8afd53ecb82562515e5951e78f69b076",
    "https://deno.land/std@0.207.0/io/copy_n.ts": "1f531c28b68f085a868c8e61a665c6c9bc29eac13be89eef6d85081325a092da",
    "https://deno.land/std@0.207.0/io/limited_reader.ts": "b0e04fc1367a54f41be2c5fd1146d90f7da3744e666ad2ef7390793326ec7d69",
    "https://deno.land/std@0.207.0/io/mod.ts": "61c2100d3eac23f0574cffb74257069a8308cf5183342d8c344fcf307e1d5b8c",
    "https://deno.land/std@0.207.0/io/multi_reader.ts": "c04de5a5eb64f49a72f5a1fc60f0e8863bc174493146cf5cc9396cf55d6d8b08",
    "https://deno.land/std@0.207.0/io/read_delim.ts": "6164e3a25f8d41daf6565bc7c915a573d8dc45bfb367bf6530b5a8f701f0a178",
    "https://deno.land/std@0.207.0/io/read_int.ts": "4e96b319f9b82b066c04e13f9f14ad4460bcaf367454844f6395b51820f5b74f",
    "https://deno.land/std@0.207.0/io/read_lines.ts": "532d9fcbc8fdd57b874cedf07ae81a9b33c8509eddf40f642cbdc61a31c408f3",
    "https://deno.land/std@0.207.0/io/read_long.ts": "b24d81075cd69660ad789948a8413c04038b007890f69418fd3d96dfc5609903",
    "https://deno.land/std@0.207.0/io/read_range.ts": "366d2682f09560d861de6e84e388af41dc66e2b445ca56c222e55204736cbbf8",
    "https://deno.land/std@0.207.0/io/read_short.ts": "a2dd615728dbb5cf4a16e23ef12a0d208bd36ceff8dc062a34e0cd2140538f53",
    "https://deno.land/std@0.207.0/io/read_string_delim.ts": "620a6b4a2e82a7ede54b550e21233b461d14faa2f37b875280185c75b7956964",
    "https://deno.land/std@0.207.0/io/slice_long_to_bytes.ts": "bb5aa0d705422b05cfe7c1d4b55716f3c143a30e3014212ee89c4cd23e146467",
    "https://deno.land/std@0.207.0/io/string_reader.ts": "3751befe5e8b23fd7a3f87f96d771b61c92e4f52e8e046dc5834007869f84fa4",
    "https://deno.land/std@0.207.0/io/string_writer.ts": "3af97bb28947bc60f5674c2e45a89b5f29c1c7c969c2f2452c8f89ab2f37ef4c",
    "https://deno.land/std@0.207.0/streams/_common.ts": "3b2c1f0287ce2ad51fff4091a7d0f48375c85b0ec341468e76d5ac13bb0014dd",
    "https://deno.land/std@0.207.0/streams/iterate_reader.ts": "d6b2770f8ee27fb1c1e2c5a3c66451647f6fb5371534c78bef2ce614d60568d8",
    "https://deno.land/x/baostock@v0.0.1/const.js": "33eeed7d2d8f21e3e16d17398d7b1ee9fb9e85a46cc1d4cab090cb6bc1247263",
    "https://deno.land/x/baostock@v0.0.1/mod.js": "f106ba75a24e101f44839f7452538176b26899323deab8eca6f23e78449f6fe9",
    "https://deno.land/x/compress@v0.3.8/zlib/zlib/crc32.ts": "b9bc4adaf327d32585205d1176bd52f6453c06dd1040544611d4c869e638119c",
    "https://deno.land/x/crc32@v0.2.2/mod.ts": "253e0943464b6ffca5194fb9b3b87fdbd0ee3c2b071fb6021cdec654bc33e486",
    "https://deno.land/x/crc32hash@v1.0.0/mod.ts": "ac766fe7e809329fd8a1d7288b532513b49ff1476627fc6bf98b85551c4c5ac6",
    "https://deno.land/x/crc32wasm_deno@v0.0.2/mod.ts.js": "3c437c1a1d022fd7d6e90406e0bc87ce7d871cd366b1c5b10dcd4121179b7096",
    "https://deno.land/x/crc32wasm_deno@v0.0.2/wasm/crc32_wasm.js": "ca27a7265645a3fc7ad9c311808c34342a321e6a1ddac8a63d25db15d416e29b"
  }
}
